
Microsoft Visual Studio Solution File, Format Version 12.00
# Visual Studio Version 17
VisualStudioVersion = 17.2.32516.85
MinimumVisualStudioVersion = 10.0.40219.1
Project("{9A19103F-16F7-4668-BE54-9A1E7A4F7556}") = "Counter", "Counter\Counter.csproj", "{B527EA73-3192-4332-829E-16239220E5FF}"
EndProject
Project("{9A19103F-16F7-4668-BE54-9A1E7A4F7556}") = "Strings", "Strings\Strings.csproj", "{1F972D34-045B-4937-B8F1-AB16F724FDBA}"
EndProject
Project("{FAE04EC0-301F-11D3-BF4B-00C04F79EFBC}") = "PingPong", "PingPong\PingPong.csproj", "{3BA4FC60-1B06-4F67-914B-0DF3E04C79FF}"
EndProject
Global
	GlobalSection(SolutionConfigurationPlatforms) = preSolution
		Debug|Any CPU = Debug|Any CPU
		Release|Any CPU = Release|Any CPU
	EndGlobalSection
	GlobalSection(ProjectConfigurationPlatforms) = postSolution
		{B527EA73-3192-4332-829E-16239220E5FF}.Debug|Any CPU.ActiveCfg = Debug|Any CPU
		{B527EA73-3192-4332-829E-16239220E5FF}.Debug|Any CPU.Build.0 = Debug|Any CPU
		{B527EA73-3192-4332-829E-16239220E5FF}.Release|Any CPU.ActiveCfg = Release|Any CPU
		{B527EA73-3192-4332-829E-16239220E5FF}.Release|Any CPU.Build.0 = Release|Any CPU
		{1F972D34-045B-4937-B8F1-AB16F724FDBA}.Debug|Any CPU.ActiveCfg = Debug|Any CPU
		{1F972D34-045B-4937-B8F1-AB16F724FDBA}.Debug|Any CPU.Build.0 = Debug|Any CPU
		{1F972D34-045B-4937-B8F1-AB16F724FDBA}.Release|Any CPU.ActiveCfg = Release|Any CPU
		{1F972D34-045B-4937-B8F1-AB16F724FDBA}.Release|Any CPU.Build.0 = Release|Any CPU
		{3BA4FC60-1B06-4F67-914B-0DF3E04C79FF}.Debug|Any CPU.ActiveCfg = Debug|Any CPU
		{3BA4FC60-1B06-4F67-914B-0DF3E04C79FF}.Debug|Any CPU.Build.0 = Debug|Any CPU
		{3BA4FC60-1B06-4F67-914B-0DF3E04C79FF}.Release|Any CPU.ActiveCfg = Release|Any CPU
		{3BA4FC60-1B06-4F67-914B-0DF3E04C79FF}.Release|Any CPU.Build.0 = Release|Any CPU
	EndGlobalSection
	GlobalSection(SolutionProperties) = preSolution
		HideSolutionNode = FALSE
	EndGlobalSection
	GlobalSection(ExtensibilityGlobals) = postSolution
		SolutionGuid = {B0DEF51C-ED1B-474D-B4E7-873FD2A6C471}
	EndGlobalSection
EndGlobal
